
Microsoft Visual Studio Solution File, Format Version 12.00
# Visual Studio 2013
VisualStudioVersion = 12.0.30723.0
MinimumVisualStudioVersion = 10.0.40219.1
Project("{9092AA53-FB77-4645-B42D-1CCCA6BD08BD}") = "14_ProblemPalindromes", "14_ProblemPalindromes.njsproj", "{E1BB83CB-B4A5-4CE3-A24E-23AC4D9C89CA}"
EndProject
Global
	GlobalSection(SolutionConfigurationPlatforms) = preSolution
		Debug|Any CPU = Debug|Any CPU
		Release|Any CPU = Release|Any CPU
	EndGlobalSection
	GlobalSection(ProjectConfigurationPlatforms) = postSolution
		{E1BB83CB-B4A5-4CE3-A24E-23AC4D9C89CA}.Debug|Any CPU.ActiveCfg = Debug|Any CPU
		{E1BB83CB-B4A5-4CE3-A24E-23AC4D9C89CA}.Debug|Any CPU.Build.0 = Debug|Any CPU
		{E1BB83CB-B4A5-4CE3-A24E-23AC4D9C89CA}.Release|Any CPU.ActiveCfg = Release|Any CPU
		{E1BB83CB-B4A5-4CE3-A24E-23AC4D9C89CA}.Release|Any CPU.Build.0 = Release|Any CPU
	EndGlobalSection
	GlobalSection(SolutionProperties) = preSolution
		HideSolutionNode = FALSE
	EndGlobalSection
EndGlobal
