
Microsoft Visual Studio Solution File, Format Version 12.00
# Visual Studio 2013
VisualStudioVersion = 12.0.30723.0
MinimumVisualStudioVersion = 10.0.40219.1
Project("{9092AA53-FB77-4645-B42D-1CCCA6BD08BD}") = "11_ProblemDigitAsWord", "11_ProblemDigitAsWord.njsproj", "{EAC0B915-8F7C-4FB4-8B34-C055CA81D234}"
EndProject
Global
	GlobalSection(SolutionConfigurationPlatforms) = preSolution
		Debug|Any CPU = Debug|Any CPU
		Release|Any CPU = Release|Any CPU
	EndGlobalSection
	GlobalSection(ProjectConfigurationPlatforms) = postSolution
		{EAC0B915-8F7C-4FB4-8B34-C055CA81D234}.Debug|Any CPU.ActiveCfg = Debug|Any CPU
		{EAC0B915-8F7C-4FB4-8B34-C055CA81D234}.Debug|Any CPU.Build.0 = Debug|Any CPU
		{EAC0B915-8F7C-4FB4-8B34-C055CA81D234}.Release|Any CPU.ActiveCfg = Release|Any CPU
		{EAC0B915-8F7C-4FB4-8B34-C055CA81D234}.Release|Any CPU.Build.0 = Release|Any CPU
	EndGlobalSection
	GlobalSection(SolutionProperties) = preSolution
		HideSolutionNode = FALSE
	EndGlobalSection
EndGlobal
